// !$*UTF8*$!
{
	archiveVersion = 1;
	classes = {
	};
	objectVersion = 56;
	objects = {

/* Begin PBXBuildFile section */
		451974AA2AA4775D0003A4B7 /* AddTransactionView.swift in Sources */ = {isa = PBXBuildFile; fileRef = 451974A92AA4775D0003A4B7 /* AddTransactionView.swift */; };
		451974AC2AA477FA0003A4B7 /* AddTransactionViewController.swift in Sources */ = {isa = PBXBuildFile; fileRef = 451974AB2AA477FA0003A4B7 /* AddTransactionViewController.swift */; };
		45DCB7142A9FB05500B0326F /* AppDelegate.swift in Sources */ = {isa = PBXBuildFile; fileRef = 45DCB7132A9FB05500B0326F /* AppDelegate.swift */; };
		45DCB7162A9FB05500B0326F /* SceneDelegate.swift in Sources */ = {isa = PBXBuildFile; fileRef = 45DCB7152A9FB05500B0326F /* SceneDelegate.swift */; };
		45DCB7182A9FB05500B0326F /* ViewController.swift in Sources */ = {isa = PBXBuildFile; fileRef = 45DCB7172A9FB05500B0326F /* ViewController.swift */; };
		45DCB71B2A9FB05500B0326F /* Main.storyboard in Resources */ = {isa = PBXBuildFile; fileRef = 45DCB7192A9FB05500B0326F /* Main.storyboard */; };
		45DCB71E2A9FB05500B0326F /* MoneyM.xcdatamodeld in Sources */ = {isa = PBXBuildFile; fileRef = 45DCB71C2A9FB05500B0326F /* MoneyM.xcdatamodeld */; };
		45DCB7202A9FB05700B0326F /* Assets.xcassets in Resources */ = {isa = PBXBuildFile; fileRef = 45DCB71F2A9FB05700B0326F /* Assets.xcassets */; };
		45DCB7232A9FB05700B0326F /* LaunchScreen.storyboard in Resources */ = {isa = PBXBuildFile; fileRef = 45DCB7212A9FB05700B0326F /* LaunchScreen.storyboard */; };
		45DCB72E2A9FB5C300B0326F /* HomeView.swift in Sources */ = {isa = PBXBuildFile; fileRef = 45DCB72D2A9FB5C300B0326F /* HomeView.swift */; };
		45DCB7302AA33F7A00B0326F /* TransactionTableViewCell.swift in Sources */ = {isa = PBXBuildFile; fileRef = 45DCB72F2AA33F7A00B0326F /* TransactionTableViewCell.swift */; };
/* End PBXBuildFile section */

/* Begin PBXFileReference section */
		451974A92AA4775D0003A4B7 /* AddTransactionView.swift */ = {isa = PBXFileReference; lastKnownFileType = sourcecode.swift; path = AddTransactionView.swift; sourceTree = "<group>"; };
		451974AB2AA477FA0003A4B7 /* AddTransactionViewController.swift */ = {isa = PBXFileReference; lastKnownFileType = sourcecode.swift; path = AddTransactionViewController.swift; sourceTree = "<group>"; };
		45DCB7102A9FB05500B0326F /* MoneyM.app */ = {isa = PBXFileReference; explicitFileType = wrapper.application; includeInIndex = 0; path = MoneyM.app; sourceTree = BUILT_PRODUCTS_DIR; };
		45DCB7132A9FB05500B0326F /* AppDelegate.swift */ = {isa = PBXFileReference; lastKnownFileType = sourcecode.swift; path = AppDelegate.swift; sourceTree = "<group>"; };
		45DCB7152A9FB05500B0326F /* SceneDelegate.swift */ = {isa = PBXFileReference; lastKnownFileType = sourcecode.swift; path = SceneDelegate.swift; sourceTree = "<group>"; };
		45DCB7172A9FB05500B0326F /* ViewController.swift */ = {isa = PBXFileReference; lastKnownFileType = sourcecode.swift; path = ViewController.swift; sourceTree = "<group>"; };
		45DCB71A2A9FB05500B0326F /* Base */ = {isa = PBXFileReference; lastKnownFileType = file.storyboard; name = Base; path = Base.lproj/Main.storyboard; sourceTree = "<group>"; };
		45DCB71D2A9FB05500B0326F /* MoneyM.xcdatamodel */ = {isa = PBXFileReference; lastKnownFileType = wrapper.xcdatamodel; path = MoneyM.xcdatamodel; sourceTree = "<group>"; };
		45DCB71F2A9FB05700B0326F /* Assets.xcassets */ = {isa = PBXFileReference; lastKnownFileType = folder.assetcatalog; path = Assets.xcassets; sourceTree = "<group>"; };
		45DCB7222A9FB05700B0326F /* Base */ = {isa = PBXFileReference; lastKnownFileType = file.storyboard; name = Base; path = Base.lproj/LaunchScreen.storyboard; sourceTree = "<group>"; };
		45DCB7242A9FB05700B0326F /* Info.plist */ = {isa = PBXFileReference; lastKnownFileType = text.plist.xml; path = Info.plist; sourceTree = "<group>"; };
		45DCB72D2A9FB5C300B0326F /* HomeView.swift */ = {isa = PBXFileReference; lastKnownFileType = sourcecode.swift; path = HomeView.swift; sourceTree = "<group>"; };
		45DCB72F2AA33F7A00B0326F /* TransactionTableViewCell.swift */ = {isa = PBXFileReference; lastKnownFileType = sourcecode.swift; path = TransactionTableViewCell.swift; sourceTree = "<group>"; };
/* End PBXFileReference section */

/* Begin PBXFrameworksBuildPhase section */
		45DCB70D2A9FB05500B0326F /* Frameworks */ = {
			isa = PBXFrameworksBuildPhase;
			buildActionMask = 2147483647;
			files = (
			);
			runOnlyForDeploymentPostprocessing = 0;
		};
/* End PBXFrameworksBuildPhase section */

/* Begin PBXGroup section */
		45DCB7072A9FB05500B0326F = {
			isa = PBXGroup;
			children = (
				45DCB7122A9FB05500B0326F /* MoneyM */,
				45DCB7112A9FB05500B0326F /* Products */,
			);
			sourceTree = "<group>";
		};
		45DCB7112A9FB05500B0326F /* Products */ = {
			isa = PBXGroup;
			children = (
				45DCB7102A9FB05500B0326F /* MoneyM.app */,
			);
			name = Products;
			sourceTree = "<group>";
		};
		45DCB7122A9FB05500B0326F /* MoneyM */ = {
			isa = PBXGroup;
			children = (
				45DCB72C2A9FB55A00B0326F /* Model */,
				45DCB72B2A9FB55200B0326F /* Controller */,
				45DCB72A2A9FB54C00B0326F /* View */,
				45DCB7132A9FB05500B0326F /* AppDelegate.swift */,
				45DCB7152A9FB05500B0326F /* SceneDelegate.swift */,
				45DCB7192A9FB05500B0326F /* Main.storyboard */,
				45DCB71F2A9FB05700B0326F /* Assets.xcassets */,
				45DCB7212A9FB05700B0326F /* LaunchScreen.storyboard */,
				45DCB7242A9FB05700B0326F /* Info.plist */,
				45DCB71C2A9FB05500B0326F /* MoneyM.xcdatamodeld */,
			);
			path = MoneyM;
			sourceTree = "<group>";
		};
		45DCB72A2A9FB54C00B0326F /* View */ = {
			isa = PBXGroup;
			children = (
				45DCB72D2A9FB5C300B0326F /* HomeView.swift */,
				45DCB72F2AA33F7A00B0326F /* TransactionTableViewCell.swift */,
				451974A92AA4775D0003A4B7 /* AddTransactionView.swift */,
			);
			path = View;
			sourceTree = "<group>";
		};
		45DCB72B2A9FB55200B0326F /* Controller */ = {
			isa = PBXGroup;
			children = (
				45DCB7172A9FB05500B0326F /* ViewController.swift */,
				451974AB2AA477FA0003A4B7 /* AddTransactionViewController.swift */,
			);
			path = Controller;
			sourceTree = "<group>";
		};
		45DCB72C2A9FB55A00B0326F /* Model */ = {
			isa = PBXGroup;
			children = (
			);
			path = Model;
			sourceTree = "<group>";
		};
/* End PBXGroup section */

/* Begin PBXNativeTarget section */
		45DCB70F2A9FB05500B0326F /* MoneyM */ = {
			isa = PBXNativeTarget;
			buildConfigurationList = 45DCB7272A9FB05700B0326F /* Build configuration list for PBXNativeTarget "MoneyM" */;
			buildPhases = (
				45DCB70C2A9FB05500B0326F /* Sources */,
				45DCB70D2A9FB05500B0326F /* Frameworks */,
				45DCB70E2A9FB05500B0326F /* Resources */,
			);
			buildRules = (
			);
			dependencies = (
			);
			name = MoneyM;
			productName = MoneyM;
			productReference = 45DCB7102A9FB05500B0326F /* MoneyM.app */;
			productType = "com.apple.product-type.application";
		};
/* End PBXNativeTarget section */

/* Begin PBXProject section */
		45DCB7082A9FB05500B0326F /* Project object */ = {
			isa = PBXProject;
			attributes = {
				BuildIndependentTargetsInParallel = 1;
				LastSwiftUpdateCheck = 1430;
				LastUpgradeCheck = 1430;
				TargetAttributes = {
					45DCB70F2A9FB05500B0326F = {
						CreatedOnToolsVersion = 14.3.1;
					};
				};
			};
			buildConfigurationList = 45DCB70B2A9FB05500B0326F /* Build configuration list for PBXProject "MoneyM" */;
			compatibilityVersion = "Xcode 14.0";
			developmentRegion = en;
			hasScannedForEncodings = 0;
			knownRegions = (
				en,
				Base,
			);
			mainGroup = 45DCB7072A9FB05500B0326F;
			productRefGroup = 45DCB7112A9FB05500B0326F /* Products */;
			projectDirPath = "";
			projectRoot = "";
			targets = (
				45DCB70F2A9FB05500B0326F /* MoneyM */,
			);
		};
/* End PBXProject section */

/* Begin PBXResourcesBuildPhase section */
		45DCB70E2A9FB05500B0326F /* Resources */ = {
			isa = PBXResourcesBuildPhase;
			buildActionMask = 2147483647;
			files = (
				45DCB7232A9FB05700B0326F /* LaunchScreen.storyboard in Resources */,
				45DCB7202A9FB05700B0326F /* Assets.xcassets in Resources */,
				45DCB71B2A9FB05500B0326F /* Main.storyboard in Resources */,
			);
			runOnlyForDeploymentPostprocessing = 0;
		};
/* End PBXResourcesBuildPhase section */

/* Begin PBXSourcesBuildPhase section */
		45DCB70C2A9FB05500B0326F /* Sources */ = {
			isa = PBXSourcesBuildPhase;
			buildActionMask = 2147483647;
			files = (
				45DCB71E2A9FB05500B0326F /* MoneyM.xcdatamodeld in Sources */,
				45DCB7182A9FB05500B0326F /* ViewController.swift in Sources */,
				45DCB7142A9FB05500B0326F /* AppDelegate.swift in Sources */,
				451974AA2AA4775D0003A4B7 /* AddTransactionView.swift in Sources */,
				45DCB72E2A9FB5C300B0326F /* HomeView.swift in Sources */,
				45DCB7302AA33F7A00B0326F /* TransactionTableViewCell.swift in Sources */,
				45DCB7162A9FB05500B0326F /* SceneDelegate.swift in Sources */,
				451974AC2AA477FA0003A4B7 /* AddTransactionViewController.swift in Sources */,
			);
			runOnlyForDeploymentPostprocessing = 0;
		};
/* End PBXSourcesBuildPhase section */

/* Begin PBXVariantGroup section */
		45DCB7192A9FB05500B0326F /* Main.storyboard */ = {
			isa = PBXVariantGroup;
			children = (
				45DCB71A2A9FB05500B0326F /* Base */,
			);
			name = Main.storyboard;
			sourceTree = "<group>";
		};
		45DCB7212A9FB05700B0326F /* LaunchScreen.storyboard */ = {
			isa = PBXVariantGroup;
			children = (
				45DCB7222A9FB05700B0326F /* Base */,
			);
			name = LaunchScreen.storyboard;
			sourceTree = "<group>";
		};
/* End PBXVariantGroup section */

/* Begin XCBuildConfiguration section */
		45DCB7252A9FB05700B0326F /* Debug */ = {
			isa = XCBuildConfiguration;
			buildSettings = {
				ALWAYS_SEARCH_USER_PATHS = NO;
				CLANG_ANALYZER_NONNULL = YES;
				CLANG_ANALYZER_NUMBER_OBJECT_CONVERSION = YES_AGGRESSIVE;
				CLANG_CXX_LANGUAGE_STANDARD = "gnu++20";
				CLANG_ENABLE_MODULES = YES;
				CLANG_ENABLE_OBJC_ARC = YES;
				CLANG_ENABLE_OBJC_WEAK = YES;
				CLANG_WARN_BLOCK_CAPTURE_AUTORELEASING = YES;
				CLANG_WARN_BOOL_CONVERSION = YES;
				CLANG_WARN_COMMA = YES;
				CLANG_WARN_CONSTANT_CONVERSION = YES;
				CLANG_WARN_DEPRECATED_OBJC_IMPLEMENTATIONS = YES;
				CLANG_WARN_DIRECT_OBJC_ISA_USAGE = YES_ERROR;
				CLANG_WARN_DOCUMENTATION_COMMENTS = YES;
				CLANG_WARN_EMPTY_BODY = YES;
				CLANG_WARN_ENUM_CONVERSION = YES;
				CLANG_WARN_INFINITE_RECURSION = YES;
				CLANG_WARN_INT_CONVERSION = YES;
				CLANG_WARN_NON_LITERAL_NULL_CONVERSION = YES;
				CLANG_WARN_OBJC_IMPLICIT_RETAIN_SELF = YES;
				CLANG_WARN_OBJC_LITERAL_CONVERSION = YES;
				CLANG_WARN_OBJC_ROOT_CLASS = YES_ERROR;
				CLANG_WARN_QUOTED_INCLUDE_IN_FRAMEWORK_HEADER = YES;
				CLANG_WARN_RANGE_LOOP_ANALYSIS = YES;
				CLANG_WARN_STRICT_PROTOTYPES = YES;
				CLANG_WARN_SUSPICIOUS_MOVE = YES;
				CLANG_WARN_UNGUARDED_AVAILABILITY = YES_AGGRESSIVE;
				CLANG_WARN_UNREACHABLE_CODE = YES;
				CLANG_WARN__DUPLICATE_METHOD_MATCH = YES;
				COPY_PHASE_STRIP = NO;
				DEBUG_INFORMATION_FORMAT = dwarf;
				ENABLE_STRICT_OBJC_MSGSEND = YES;
				ENABLE_TESTABILITY = YES;
				GCC_C_LANGUAGE_STANDARD = gnu11;
				GCC_DYNAMIC_NO_PIC = NO;
				GCC_NO_COMMON_BLOCKS = YES;
				GCC_OPTIMIZATION_LEVEL = 0;
				GCC_PREPROCESSOR_DEFINITIONS = (
					"DEBUG=1",
					"$(inherited)",
				);
				GCC_WARN_64_TO_32_BIT_CONVERSION = YES;
				GCC_WARN_ABOUT_RETURN_TYPE = YES_ERROR;
				GCC_WARN_UNDECLARED_SELECTOR = YES;
				GCC_WARN_UNINITIALIZED_AUTOS = YES_AGGRESSIVE;
				GCC_WARN_UNUSED_FUNCTION = YES;
				GCC_WARN_UNUSED_VARIABLE = YES;
				IPHONEOS_DEPLOYMENT_TARGET = 15.0;
				MTL_ENABLE_DEBUG_INFO = INCLUDE_SOURCE;
				MTL_FAST_MATH = YES;
				ONLY_ACTIVE_ARCH = YES;
				SDKROOT = iphoneos;
				SWIFT_ACTIVE_COMPILATION_CONDITIONS = DEBUG;
				SWIFT_OPTIMIZATION_LEVEL = "-Onone";
			};
			name = Debug;
		};
		45DCB7262A9FB05700B0326F /* Release */ = {
			isa = XCBuildConfiguration;
			buildSettings = {
				ALWAYS_SEARCH_USER_PATHS = NO;
				CLANG_ANALYZER_NONNULL = YES;
				CLANG_ANALYZER_NUMBER_OBJECT_CONVERSION = YES_AGGRESSIVE;
				CLANG_CXX_LANGUAGE_STANDARD = "gnu++20";
				CLANG_ENABLE_MODULES = YES;
				CLANG_ENABLE_OBJC_ARC = YES;
				CLANG_ENABLE_OBJC_WEAK = YES;
				CLANG_WARN_BLOCK_CAPTURE_AUTORELEASING = YES;
				CLANG_WARN_BOOL_CONVERSION = YES;
				CLANG_WARN_COMMA = YES;
				CLANG_WARN_CONSTANT_CONVERSION = YES;
				CLANG_WARN_DEPRECATED_OBJC_IMPLEMENTATIONS = YES;
				CLANG_WARN_DIRECT_OBJC_ISA_USAGE = YES_ERROR;
				CLANG_WARN_DOCUMENTATION_COMMENTS = YES;
				CLANG_WARN_EMPTY_BODY = YES;
				CLANG_WARN_ENUM_CONVERSION = YES;
				CLANG_WARN_INFINITE_RECURSION = YES;
				CLANG_WARN_INT_CONVERSION = YES;
				CLANG_WARN_NON_LITERAL_NULL_CONVERSION = YES;
				CLANG_WARN_OBJC_IMPLICIT_RETAIN_SELF = YES;
				CLANG_WARN_OBJC_LITERAL_CONVERSION = YES;
				CLANG_WARN_OBJC_ROOT_CLASS = YES_ERROR;
				CLANG_WARN_QUOTED_INCLUDE_IN_FRAMEWORK_HEADER = YES;
				CLANG_WARN_RANGE_LOOP_ANALYSIS = YES;
				CLANG_WARN_STRICT_PROTOTYPES = YES;
				CLANG_WARN_SUSPICIOUS_MOVE = YES;
				CLANG_WARN_UNGUARDED_AVAILABILITY = YES_AGGRESSIVE;
				CLANG_WARN_UNREACHABLE_CODE = YES;
				CLANG_WARN__DUPLICATE_METHOD_MATCH = YES;
				COPY_PHASE_STRIP = NO;
				DEBUG_INFORMATION_FORMAT = "dwarf-with-dsym";
				ENABLE_NS_ASSERTIONS = NO;
				ENABLE_STRICT_OBJC_MSGSEND = YES;
				GCC_C_LANGUAGE_STANDARD = gnu11;
				GCC_NO_COMMON_BLOCKS = YES;
				GCC_WARN_64_TO_32_BIT_CONVERSION = YES;
				GCC_WARN_ABOUT_RETURN_TYPE = YES_ERROR;
				GCC_WARN_UNDECLARED_SELECTOR = YES;
				GCC_WARN_UNINITIALIZED_AUTOS = YES_AGGRESSIVE;
				GCC_WARN_UNUSED_FUNCTION = YES;
				GCC_WARN_UNUSED_VARIABLE = YES;
				IPHONEOS_DEPLOYMENT_TARGET = 15.0;
				MTL_ENABLE_DEBUG_INFO = NO;
				MTL_FAST_MATH = YES;
				SDKROOT = iphoneos;
				SWIFT_COMPILATION_MODE = wholemodule;
				SWIFT_OPTIMIZATION_LEVEL = "-O";
				VALIDATE_PRODUCT = YES;
			};
			name = Release;
		};
		45DCB7282A9FB05700B0326F /* Debug */ = {
			isa = XCBuildConfiguration;
			buildSettings = {
				ASSETCATALOG_COMPILER_APPICON_NAME = AppIcon;
				ASSETCATALOG_COMPILER_GLOBAL_ACCENT_COLOR_NAME = AccentColor;
				CODE_SIGN_STYLE = Automatic;
				CURRENT_PROJECT_VERSION = 1;
				DEVELOPMENT_TEAM = 8BPKDD8276;
				GENERATE_INFOPLIST_FILE = YES;
				INFOPLIST_FILE = MoneyM/Info.plist;
				INFOPLIST_KEY_UIApplicationSupportsIndirectInputEvents = YES;
				INFOPLIST_KEY_UILaunchStoryboardName = LaunchScreen;
				INFOPLIST_KEY_UIMainStoryboardFile = Main;
				INFOPLIST_KEY_UISupportedInterfaceOrientations_iPad = "UIInterfaceOrientationPortrait UIInterfaceOrientationPortraitUpsideDown UIInterfaceOrientationLandscapeLeft UIInterfaceOrientationLandscapeRight";
				INFOPLIST_KEY_UISupportedInterfaceOrientations_iPhone = "UIInterfaceOrientationPortrait UIInterfaceOrientationLandscapeLeft UIInterfaceOrientationLandscapeRight";
				IPHONEOS_DEPLOYMENT_TARGET = 15.0;
				LD_RUNPATH_SEARCH_PATHS = (
					"$(inherited)",
					"@executable_path/Frameworks",
				);
				MARKETING_VERSION = 1.0;
				PRODUCT_BUNDLE_IDENTIFIER = com.savikapps.MoneyM;
				PRODUCT_NAME = "$(TARGET_NAME)";
				SWIFT_EMIT_LOC_STRINGS = YES;
				SWIFT_VERSION = 5.0;
				TARGETED_DEVICE_FAMILY = "1,2";
			};
			name = Debug;
		};
		45DCB7292A9FB05700B0326F /* Release */ = {
			isa = XCBuildConfiguration;
			buildSettings = {
				ASSETCATALOG_COMPILER_APPICON_NAME = AppIcon;
				ASSETCATALOG_COMPILER_GLOBAL_ACCENT_COLOR_NAME = AccentColor;
				CODE_SIGN_STYLE = Automatic;
				CURRENT_PROJECT_VERSION = 1;
				DEVELOPMENT_TEAM = 8BPKDD8276;
				GENERATE_INFOPLIST_FILE = YES;
				INFOPLIST_FILE = MoneyM/Info.plist;
				INFOPLIST_KEY_UIApplicationSupportsIndirectInputEvents = YES;
				INFOPLIST_KEY_UILaunchStoryboardName = LaunchScreen;
				INFOPLIST_KEY_UIMainStoryboardFile = Main;
				INFOPLIST_KEY_UISupportedInterfaceOrientations_iPad = "UIInterfaceOrientationPortrait UIInterfaceOrientationPortraitUpsideDown UIInterfaceOrientationLandscapeLeft UIInterfaceOrientationLandscapeRight";
				INFOPLIST_KEY_UISupportedInterfaceOrientations_iPhone = "UIInterfaceOrientationPortrait UIInterfaceOrientationLandscapeLeft UIInterfaceOrientationLandscapeRight";
				IPHONEOS_DEPLOYMENT_TARGET = 15.0;
				LD_RUNPATH_SEARCH_PATHS = (
					"$(inherited)",
					"@executable_path/Frameworks",
				);
				MARKETING_VERSION = 1.0;
				PRODUCT_BUNDLE_IDENTIFIER = com.savikapps.MoneyM;
				PRODUCT_NAME = "$(TARGET_NAME)";
				SWIFT_EMIT_LOC_STRINGS = YES;
				SWIFT_VERSION = 5.0;
				TARGETED_DEVICE_FAMILY = "1,2";
			};
			name = Release;
		};
/* End XCBuildConfiguration section */

/* Begin XCConfigurationList section */
		45DCB70B2A9FB05500B0326F /* Build configuration list for PBXProject "MoneyM" */ = {
			isa = XCConfigurationList;
			buildConfigurations = (
				45DCB7252A9FB05700B0326F /* Debug */,
				45DCB7262A9FB05700B0326F /* Release */,
			);
			defaultConfigurationIsVisible = 0;
			defaultConfigurationName = Release;
		};
		45DCB7272A9FB05700B0326F /* Build configuration list for PBXNativeTarget "MoneyM" */ = {
			isa = XCConfigurationList;
			buildConfigurations = (
				45DCB7282A9FB05700B0326F /* Debug */,
				45DCB7292A9FB05700B0326F /* Release */,
			);
			defaultConfigurationIsVisible = 0;
			defaultConfigurationName = Release;
		};
/* End XCConfigurationList section */

/* Begin XCVersionGroup section */
		45DCB71C2A9FB05500B0326F /* MoneyM.xcdatamodeld */ = {
			isa = XCVersionGroup;
			children = (
				45DCB71D2A9FB05500B0326F /* MoneyM.xcdatamodel */,
			);
			currentVersion = 45DCB71D2A9FB05500B0326F /* MoneyM.xcdatamodel */;
			path = MoneyM.xcdatamodeld;
			sourceTree = "<group>";
			versionGroupType = wrapper.xcdatamodel;
		};
/* End XCVersionGroup section */
	};
	rootObject = 45DCB7082A9FB05500B0326F /* Project object */;
}
